// !$*UTF8*$!
{
	archiveVersion = 1;
	classes = {
	};
	objectVersion = 46;
	objects = {

/* Begin PBXBuildFile section */
		65C2B84DB8D242AABC6DA2FB /* libPods-KZPropertyMapper.a in Frameworks */ = {isa = PBXBuildFile; fileRef = 498D742355914A4C95355E36 /* libPods-KZPropertyMapper.a */; };
		CDAC242517A0171200A40D63 /* UIKit.framework in Frameworks */ = {isa = PBXBuildFile; fileRef = CDAC242417A0171200A40D63 /* UIKit.framework */; };
		CDAC242717A0171200A40D63 /* Foundation.framework in Frameworks */ = {isa = PBXBuildFile; fileRef = CDAC242617A0171200A40D63 /* Foundation.framework */; };
		CDAC242917A0171200A40D63 /* CoreGraphics.framework in Frameworks */ = {isa = PBXBuildFile; fileRef = CDAC242817A0171200A40D63 /* CoreGraphics.framework */; };
		CDAC242F17A0171200A40D63 /* InfoPlist.strings in Resources */ = {isa = PBXBuildFile; fileRef = CDAC242D17A0171200A40D63 /* InfoPlist.strings */; };
		CDAC243117A0171200A40D63 /* main.m in Sources */ = {isa = PBXBuildFile; fileRef = CDAC243017A0171200A40D63 /* main.m */; };
		CDAC243517A0171300A40D63 /* AppDelegate.m in Sources */ = {isa = PBXBuildFile; fileRef = CDAC243417A0171300A40D63 /* AppDelegate.m */; };
		CDAC243717A0171300A40D63 /* Default.png in Resources */ = {isa = PBXBuildFile; fileRef = CDAC243617A0171300A40D63 /* Default.png */; };
		CDAC243917A0171300A40D63 /* Default@2x.png in Resources */ = {isa = PBXBuildFile; fileRef = CDAC243817A0171300A40D63 /* Default@2x.png */; };
		CDAC243B17A0171300A40D63 /* Default-568h@2x.png in Resources */ = {isa = PBXBuildFile; fileRef = CDAC243A17A0171300A40D63 /* Default-568h@2x.png */; };
		CDAC244317A0171300A40D63 /* SenTestingKit.framework in Frameworks */ = {isa = PBXBuildFile; fileRef = CDAC244217A0171300A40D63 /* SenTestingKit.framework */; };
		CDAC244417A0171300A40D63 /* UIKit.framework in Frameworks */ = {isa = PBXBuildFile; fileRef = CDAC242417A0171200A40D63 /* UIKit.framework */; };
		CDAC244517A0171300A40D63 /* Foundation.framework in Frameworks */ = {isa = PBXBuildFile; fileRef = CDAC242617A0171200A40D63 /* Foundation.framework */; };
		CDAC244D17A0171300A40D63 /* InfoPlist.strings in Resources */ = {isa = PBXBuildFile; fileRef = CDAC244B17A0171300A40D63 /* InfoPlist.strings */; };
		CDAC245017A0171300A40D63 /* KZPropertyMapperTests.m in Sources */ = {isa = PBXBuildFile; fileRef = CDAC244F17A0171300A40D63 /* KZPropertyMapperTests.m */; };
		CDAC245C17A0189000A40D63 /* KZPropertyMapper.m in Sources */ = {isa = PBXBuildFile; fileRef = CDAC245B17A0189000A40D63 /* KZPropertyMapper.m */; };
		DBF66C315FDB4F1BB9314146 /* libPods-KZPropertyMapperTests.a in Frameworks */ = {isa = PBXBuildFile; fileRef = 583FC7C128B542FFA18F475C /* libPods-KZPropertyMapperTests.a */; };
/* End PBXBuildFile section */

/* Begin PBXContainerItemProxy section */
		CDAC244617A0171300A40D63 /* PBXContainerItemProxy */ = {
			isa = PBXContainerItemProxy;
			containerPortal = CDAC241917A0171200A40D63 /* Project object */;
			proxyType = 1;
			remoteGlobalIDString = CDAC242017A0171200A40D63;
			remoteInfo = KZPropertyMapper;
		};
/* End PBXContainerItemProxy section */

/* Begin PBXFileReference section */
		015CEBED931E4BA486C1CC0A /* Pods-KZPropertyMapperTests.xcconfig */ = {isa = PBXFileReference; includeInIndex = 1; lastKnownFileType = text.xcconfig; name = "Pods-KZPropertyMapperTests.xcconfig"; path = "Pods/Pods-KZPropertyMapperTests.xcconfig"; sourceTree = SOURCE_ROOT; };
		498D742355914A4C95355E36 /* libPods-KZPropertyMapper.a */ = {isa = PBXFileReference; explicitFileType = archive.ar; includeInIndex = 0; path = "libPods-KZPropertyMapper.a"; sourceTree = BUILT_PRODUCTS_DIR; };
		583FC7C128B542FFA18F475C /* libPods-KZPropertyMapperTests.a */ = {isa = PBXFileReference; explicitFileType = archive.ar; includeInIndex = 0; path = "libPods-KZPropertyMapperTests.a"; sourceTree = BUILT_PRODUCTS_DIR; };
		CDAC242117A0171200A40D63 /* KZPropertyMapper.app */ = {isa = PBXFileReference; explicitFileType = wrapper.application; includeInIndex = 0; path = KZPropertyMapper.app; sourceTree = BUILT_PRODUCTS_DIR; };
		CDAC242417A0171200A40D63 /* UIKit.framework */ = {isa = PBXFileReference; lastKnownFileType = wrapper.framework; name = UIKit.framework; path = System/Library/Frameworks/UIKit.framework; sourceTree = SDKROOT; };
		CDAC242617A0171200A40D63 /* Foundation.framework */ = {isa = PBXFileReference; lastKnownFileType = wrapper.framework; name = Foundation.framework; path = System/Library/Frameworks/Foundation.framework; sourceTree = SDKROOT; };
		CDAC242817A0171200A40D63 /* CoreGraphics.framework */ = {isa = PBXFileReference; lastKnownFileType = wrapper.framework; name = CoreGraphics.framework; path = System/Library/Frameworks/CoreGraphics.framework; sourceTree = SDKROOT; };
		CDAC242C17A0171200A40D63 /* KZPropertyMapper-Info.plist */ = {isa = PBXFileReference; lastKnownFileType = text.plist.xml; path = "KZPropertyMapper-Info.plist"; sourceTree = "<group>"; };
		CDAC242E17A0171200A40D63 /* en */ = {isa = PBXFileReference; lastKnownFileType = text.plist.strings; name = en; path = en.lproj/InfoPlist.strings; sourceTree = "<group>"; };
		CDAC243017A0171200A40D63 /* main.m */ = {isa = PBXFileReference; lastKnownFileType = sourcecode.c.objc; path = main.m; sourceTree = "<group>"; };
		CDAC243217A0171200A40D63 /* KZPropertyMapper-Prefix.pch */ = {isa = PBXFileReference; lastKnownFileType = sourcecode.c.h; path = "KZPropertyMapper-Prefix.pch"; sourceTree = "<group>"; };
		CDAC243317A0171300A40D63 /* AppDelegate.h */ = {isa = PBXFileReference; lastKnownFileType = sourcecode.c.h; path = AppDelegate.h; sourceTree = "<group>"; };
		CDAC243417A0171300A40D63 /* AppDelegate.m */ = {isa = PBXFileReference; lastKnownFileType = sourcecode.c.objc; path = AppDelegate.m; sourceTree = "<group>"; };
		CDAC243617A0171300A40D63 /* Default.png */ = {isa = PBXFileReference; lastKnownFileType = image.png; path = Default.png; sourceTree = "<group>"; };
		CDAC243817A0171300A40D63 /* Default@2x.png */ = {isa = PBXFileReference; lastKnownFileType = image.png; path = "Default@2x.png"; sourceTree = "<group>"; };
		CDAC243A17A0171300A40D63 /* Default-568h@2x.png */ = {isa = PBXFileReference; lastKnownFileType = image.png; path = "Default-568h@2x.png"; sourceTree = "<group>"; };
		CDAC244117A0171300A40D63 /* KZPropertyMapperTests.octest */ = {isa = PBXFileReference; explicitFileType = wrapper.cfbundle; includeInIndex = 0; path = KZPropertyMapperTests.octest; sourceTree = BUILT_PRODUCTS_DIR; };
		CDAC244217A0171300A40D63 /* SenTestingKit.framework */ = {isa = PBXFileReference; lastKnownFileType = wrapper.framework; name = SenTestingKit.framework; path = Library/Frameworks/SenTestingKit.framework; sourceTree = DEVELOPER_DIR; };
		CDAC244A17A0171300A40D63 /* KZPropertyMapperTests-Info.plist */ = {isa = PBXFileReference; lastKnownFileType = text.plist.xml; path = "KZPropertyMapperTests-Info.plist"; sourceTree = "<group>"; };
		CDAC244C17A0171300A40D63 /* en */ = {isa = PBXFileReference; lastKnownFileType = text.plist.strings; name = en; path = en.lproj/InfoPlist.strings; sourceTree = "<group>"; };
		CDAC244E17A0171300A40D63 /* KZPropertyMapperTests.h */ = {isa = PBXFileReference; lastKnownFileType = sourcecode.c.h; path = KZPropertyMapperTests.h; sourceTree = "<group>"; };
		CDAC244F17A0171300A40D63 /* KZPropertyMapperTests.m */ = {isa = PBXFileReference; lastKnownFileType = sourcecode.c.objc; path = KZPropertyMapperTests.m; sourceTree = "<group>"; };
		CDAC245A17A0189000A40D63 /* KZPropertyMapper.h */ = {isa = PBXFileReference; fileEncoding = 4; lastKnownFileType = sourcecode.c.h; path = KZPropertyMapper.h; sourceTree = "<group>"; };
		CDAC245B17A0189000A40D63 /* KZPropertyMapper.m */ = {isa = PBXFileReference; fileEncoding = 4; lastKnownFileType = sourcecode.c.objc; path = KZPropertyMapper.m; sourceTree = "<group>"; };
		ECA64640462547329A4F00F5 /* Pods-KZPropertyMapper.xcconfig */ = {isa = PBXFileReference; includeInIndex = 1; lastKnownFileType = text.xcconfig; name = "Pods-KZPropertyMapper.xcconfig"; path = "Pods/Pods-KZPropertyMapper.xcconfig"; sourceTree = SOURCE_ROOT; };
/* End PBXFileReference section */

/* Begin PBXFrameworksBuildPhase section */
		CDAC241E17A0171200A40D63 /* Frameworks */ = {
			isa = PBXFrameworksBuildPhase;
			buildActionMask = 2147483647;
			files = (
				CDAC242517A0171200A40D63 /* UIKit.framework in Frameworks */,
				CDAC242717A0171200A40D63 /* Foundation.framework in Frameworks */,
				CDAC242917A0171200A40D63 /* CoreGraphics.framework in Frameworks */,
				65C2B84DB8D242AABC6DA2FB /* libPods-KZPropertyMapper.a in Frameworks */,
			);
			runOnlyForDeploymentPostprocessing = 0;
		};
		CDAC243D17A0171300A40D63 /* Frameworks */ = {
			isa = PBXFrameworksBuildPhase;
			buildActionMask = 2147483647;
			files = (
				CDAC244317A0171300A40D63 /* SenTestingKit.framework in Frameworks */,
				CDAC244417A0171300A40D63 /* UIKit.framework in Frameworks */,
				CDAC244517A0171300A40D63 /* Foundation.framework in Frameworks */,
				DBF66C315FDB4F1BB9314146 /* libPods-KZPropertyMapperTests.a in Frameworks */,
			);
			runOnlyForDeploymentPostprocessing = 0;
		};
/* End PBXFrameworksBuildPhase section */

/* Begin PBXGroup section */
		CDAC241817A0171200A40D63 = {
			isa = PBXGroup;
			children = (
				CDAC245917A0189000A40D63 /* KZPropertyMapper */,
				CDAC242A17A0171200A40D63 /* KZPropertyMapper */,
				CDAC244817A0171300A40D63 /* KZPropertyMapperTests */,
				CDAC242317A0171200A40D63 /* Frameworks */,
				CDAC242217A0171200A40D63 /* Products */,
				ECA64640462547329A4F00F5 /* Pods-KZPropertyMapper.xcconfig */,
				015CEBED931E4BA486C1CC0A /* Pods-KZPropertyMapperTests.xcconfig */,
			);
			sourceTree = "<group>";
		};
		CDAC242217A0171200A40D63 /* Products */ = {
			isa = PBXGroup;
			children = (
				CDAC242117A0171200A40D63 /* KZPropertyMapper.app */,
				CDAC244117A0171300A40D63 /* KZPropertyMapperTests.octest */,
			);
			name = Products;
			sourceTree = "<group>";
		};
		CDAC242317A0171200A40D63 /* Frameworks */ = {
			isa = PBXGroup;
			children = (
				CDAC242417A0171200A40D63 /* UIKit.framework */,
				CDAC242617A0171200A40D63 /* Foundation.framework */,
				CDAC242817A0171200A40D63 /* CoreGraphics.framework */,
				CDAC244217A0171300A40D63 /* SenTestingKit.framework */,
				498D742355914A4C95355E36 /* libPods-KZPropertyMapper.a */,
				583FC7C128B542FFA18F475C /* libPods-KZPropertyMapperTests.a */,
			);
			name = Frameworks;
			sourceTree = "<group>";
		};
		CDAC242A17A0171200A40D63 /* KZPropertyMapper */ = {
			isa = PBXGroup;
			children = (
				CDAC243317A0171300A40D63 /* AppDelegate.h */,
				CDAC243417A0171300A40D63 /* AppDelegate.m */,
				CDAC242B17A0171200A40D63 /* Supporting Files */,
			);
			path = KZPropertyMapper;
			sourceTree = "<group>";
		};
		CDAC242B17A0171200A40D63 /* Supporting Files */ = {
			isa = PBXGroup;
			children = (
				CDAC242C17A0171200A40D63 /* KZPropertyMapper-Info.plist */,
				CDAC242D17A0171200A40D63 /* InfoPlist.strings */,
				CDAC243017A0171200A40D63 /* main.m */,
				CDAC243217A0171200A40D63 /* KZPropertyMapper-Prefix.pch */,
				CDAC243617A0171300A40D63 /* Default.png */,
				CDAC243817A0171300A40D63 /* Default@2x.png */,
				CDAC243A17A0171300A40D63 /* Default-568h@2x.png */,
			);
			name = "Supporting Files";
			sourceTree = "<group>";
		};
		CDAC244817A0171300A40D63 /* KZPropertyMapperTests */ = {
			isa = PBXGroup;
			children = (
				CDAC244E17A0171300A40D63 /* KZPropertyMapperTests.h */,
				CDAC244F17A0171300A40D63 /* KZPropertyMapperTests.m */,
				CDAC244917A0171300A40D63 /* Supporting Files */,
			);
			path = KZPropertyMapperTests;
			sourceTree = "<group>";
		};
		CDAC244917A0171300A40D63 /* Supporting Files */ = {
			isa = PBXGroup;
			children = (
				CDAC244A17A0171300A40D63 /* KZPropertyMapperTests-Info.plist */,
				CDAC244B17A0171300A40D63 /* InfoPlist.strings */,
			);
			name = "Supporting Files";
			sourceTree = "<group>";
		};
		CDAC245917A0189000A40D63 /* KZPropertyMapper */ = {
			isa = PBXGroup;
			children = (
				CDAC245A17A0189000A40D63 /* KZPropertyMapper.h */,
				CDAC245B17A0189000A40D63 /* KZPropertyMapper.m */,
			);
			name = KZPropertyMapper;
			path = ../KZPropertyMapper;
			sourceTree = "<group>";
		};
/* End PBXGroup section */

/* Begin PBXNativeTarget section */
		CDAC242017A0171200A40D63 /* KZPropertyMapper */ = {
			isa = PBXNativeTarget;
			buildConfigurationList = CDAC245317A0171300A40D63 /* Build configuration list for PBXNativeTarget "KZPropertyMapper" */;
			buildPhases = (
				AF757BF2D4A14B88A883F591 /* Check Pods Manifest.lock */,
				CDAC241D17A0171200A40D63 /* Sources */,
				CDAC241E17A0171200A40D63 /* Frameworks */,
				CDAC241F17A0171200A40D63 /* Resources */,
				DAD1FEDE3C034E15BEBA4181 /* Copy Pods Resources */,
			);
			buildRules = (
			);
			dependencies = (
			);
			name = KZPropertyMapper;
			productName = KZPropertyMapper;
			productReference = CDAC242117A0171200A40D63 /* KZPropertyMapper.app */;
			productType = "com.apple.product-type.application";
		};
		CDAC244017A0171300A40D63 /* KZPropertyMapperTests */ = {
			isa = PBXNativeTarget;
			buildConfigurationList = CDAC245617A0171300A40D63 /* Build configuration list for PBXNativeTarget "KZPropertyMapperTests" */;
			buildPhases = (
				4559438D3A2E4CDA84A65BAB /* Check Pods Manifest.lock */,
				CDAC243C17A0171300A40D63 /* Sources */,
				CDAC243D17A0171300A40D63 /* Frameworks */,
				CDAC243E17A0171300A40D63 /* Resources */,
				CDAC243F17A0171300A40D63 /* ShellScript */,
				5BDE928CDBE54B5294E5FB68 /* Copy Pods Resources */,
			);
			buildRules = (
			);
			dependencies = (
				CDAC244717A0171300A40D63 /* PBXTargetDependency */,
			);
			name = KZPropertyMapperTests;
			productName = KZPropertyMapperTests;
			productReference = CDAC244117A0171300A40D63 /* KZPropertyMapperTests.octest */;
			productType = "com.apple.product-type.bundle";
		};
/* End PBXNativeTarget section */

/* Begin PBXProject section */
		CDAC241917A0171200A40D63 /* Project object */ = {
			isa = PBXProject;
			attributes = {
				LastUpgradeCheck = 0460;
				ORGANIZATIONNAME = pixle;
			};
			buildConfigurationList = CDAC241C17A0171200A40D63 /* Build configuration list for PBXProject "KZPropertyMapper" */;
			compatibilityVersion = "Xcode 3.2";
			developmentRegion = English;
			hasScannedForEncodings = 0;
			knownRegions = (
				en,
			);
			mainGroup = CDAC241817A0171200A40D63;
			productRefGroup = CDAC242217A0171200A40D63 /* Products */;
			projectDirPath = "";
			projectRoot = "";
			targets = (
				CDAC242017A0171200A40D63 /* KZPropertyMapper */,
				CDAC244017A0171300A40D63 /* KZPropertyMapperTests */,
			);
		};
/* End PBXProject section */

/* Begin PBXResourcesBuildPhase section */
		CDAC241F17A0171200A40D63 /* Resources */ = {
			isa = PBXResourcesBuildPhase;
			buildActionMask = 2147483647;
			files = (
				CDAC242F17A0171200A40D63 /* InfoPlist.strings in Resources */,
				CDAC243717A0171300A40D63 /* Default.png in Resources */,
				CDAC243917A0171300A40D63 /* Default@2x.png in Resources */,
				CDAC243B17A0171300A40D63 /* Default-568h@2x.png in Resources */,
			);
			runOnlyForDeploymentPostprocessing = 0;
		};
		CDAC243E17A0171300A40D63 /* Resources */ = {
			isa = PBXResourcesBuildPhase;
			buildActionMask = 2147483647;
			files = (
				CDAC244D17A0171300A40D63 /* InfoPlist.strings in Resources */,
			);
			runOnlyForDeploymentPostprocessing = 0;
		};
/* End PBXResourcesBuildPhase section */

/* Begin PBXShellScriptBuildPhase section */
		4559438D3A2E4CDA84A65BAB /* Check Pods Manifest.lock */ = {
			isa = PBXShellScriptBuildPhase;
			buildActionMask = 2147483647;
			files = (
			);
			inputPaths = (
			);
			name = "Check Pods Manifest.lock";
			outputPaths = (
			);
			runOnlyForDeploymentPostprocessing = 0;
			shellPath = /bin/sh;
			shellScript = "diff \"${PODS_ROOT}/../Podfile.lock\" \"${PODS_ROOT}/Manifest.lock\" > /dev/null\nif [[ $? != 0 ]] ; then\n    cat << EOM\nerror: The sandbox is not in sync with the Podfile.lock. Run 'pod install' or update your CocoaPods installation.\nEOM\n    exit 1\nfi\n";
		};
		5BDE928CDBE54B5294E5FB68 /* Copy Pods Resources */ = {
			isa = PBXShellScriptBuildPhase;
			buildActionMask = 2147483647;
			files = (
			);
			inputPaths = (
			);
			name = "Copy Pods Resources";
			outputPaths = (
			);
			runOnlyForDeploymentPostprocessing = 0;
			shellPath = /bin/sh;
			shellScript = "\"${SRCROOT}/Pods/Pods-KZPropertyMapperTests-resources.sh\"\n";
		};
		AF757BF2D4A14B88A883F591 /* Check Pods Manifest.lock */ = {
			isa = PBXShellScriptBuildPhase;
			buildActionMask = 2147483647;
			files = (
			);
			inputPaths = (
			);
			name = "Check Pods Manifest.lock";
			outputPaths = (
			);
			runOnlyForDeploymentPostprocessing = 0;
			shellPath = /bin/sh;
			shellScript = "diff \"${PODS_ROOT}/../Podfile.lock\" \"${PODS_ROOT}/Manifest.lock\" > /dev/null\nif [[ $? != 0 ]] ; then\n    cat << EOM\nerror: The sandbox is not in sync with the Podfile.lock. Run 'pod install' or update your CocoaPods installation.\nEOM\n    exit 1\nfi\n";
		};
		CDAC243F17A0171300A40D63 /* ShellScript */ = {
			isa = PBXShellScriptBuildPhase;
			buildActionMask = 2147483647;
			files = (
			);
			inputPaths = (
			);
			outputPaths = (
			);
			runOnlyForDeploymentPostprocessing = 0;
			shellPath = /bin/sh;
			shellScript = "# Run the unit tests in this test bundle.\n\"${SYSTEM_DEVELOPER_DIR}/Tools/RunUnitTests\"\n";
		};
		DAD1FEDE3C034E15BEBA4181 /* Copy Pods Resources */ = {
			isa = PBXShellScriptBuildPhase;
			buildActionMask = 2147483647;
			files = (
			);
			inputPaths = (
			);
			name = "Copy Pods Resources";
			outputPaths = (
			);
			runOnlyForDeploymentPostprocessing = 0;
			shellPath = /bin/sh;
			shellScript = "\"${SRCROOT}/Pods/Pods-KZPropertyMapper-resources.sh\"\n";
		};
/* End PBXShellScriptBuildPhase section */

/* Begin PBXSourcesBuildPhase section */
		CDAC241D17A0171200A40D63 /* Sources */ = {
			isa = PBXSourcesBuildPhase;
			buildActionMask = 2147483647;
			files = (
				CDAC243117A0171200A40D63 /* main.m in Sources */,
				CDAC243517A0171300A40D63 /* AppDelegate.m in Sources */,
				CDAC245C17A0189000A40D63 /* KZPropertyMapper.m in Sources */,
			);
			runOnlyForDeploymentPostprocessing = 0;
		};
		CDAC243C17A0171300A40D63 /* Sources */ = {
			isa = PBXSourcesBuildPhase;
			buildActionMask = 2147483647;
			files = (
				CDAC245017A0171300A40D63 /* KZPropertyMapperTests.m in Sources */,
			);
			runOnlyForDeploymentPostprocessing = 0;
		};
/* End PBXSourcesBuildPhase section */

/* Begin PBXTargetDependency section */
		CDAC244717A0171300A40D63 /* PBXTargetDependency */ = {
			isa = PBXTargetDependency;
			target = CDAC242017A0171200A40D63 /* KZPropertyMapper */;
			targetProxy = CDAC244617A0171300A40D63 /* PBXContainerItemProxy */;
		};
/* End PBXTargetDependency section */

/* Begin PBXVariantGroup section */
		CDAC242D17A0171200A40D63 /* InfoPlist.strings */ = {
			isa = PBXVariantGroup;
			children = (
				CDAC242E17A0171200A40D63 /* en */,
			);
			name = InfoPlist.strings;
			sourceTree = "<group>";
		};
		CDAC244B17A0171300A40D63 /* InfoPlist.strings */ = {
			isa = PBXVariantGroup;
			children = (
				CDAC244C17A0171300A40D63 /* en */,
			);
			name = InfoPlist.strings;
			sourceTree = "<group>";
		};
/* End PBXVariantGroup section */

/* Begin XCBuildConfiguration section */
		039FFDA3F68F4656990F0284 /* profiling */ = {
			isa = XCBuildConfiguration;
			baseConfigurationReference = ECA64640462547329A4F00F5 /* Pods-KZPropertyMapper.xcconfig */;
			buildSettings = {
				GCC_PRECOMPILE_PREFIX_HEADER = YES;
				GCC_PREFIX_HEADER = "KZPropertyMapper/KZPropertyMapper-Prefix.pch";
				INFOPLIST_FILE = "KZPropertyMapper/KZPropertyMapper-Info.plist";
				PRODUCT_NAME = "$(TARGET_NAME)";
				WRAPPER_EXTENSION = app;
			};
			name = profiling;
		};
		20E8AF9DA63B470BBA814637 /* adhoc */ = {
			isa = XCBuildConfiguration;
			buildSettings = {
				ALWAYS_SEARCH_USER_PATHS = NO;
				CLANG_CXX_LANGUAGE_STANDARD = "gnu++0x";
				CLANG_CXX_LIBRARY = "libc++";
				CLANG_WARN_CONSTANT_CONVERSION = YES;
				CLANG_WARN_EMPTY_BODY = YES;
				CLANG_WARN_ENUM_CONVERSION = YES;
				CLANG_WARN_INT_CONVERSION = YES;
				CLANG_WARN__DUPLICATE_METHOD_MATCH = YES;
				"CODE_SIGN_IDENTITY[sdk=iphoneos*]" = "iPhone Developer";
				COPY_PHASE_STRIP = NO;
				GCC_C_LANGUAGE_STANDARD = gnu99;
				GCC_DYNAMIC_NO_PIC = NO;
				GCC_OPTIMIZATION_LEVEL = 0;
				GCC_PREPROCESSOR_DEFINITIONS = (
					"DEBUG=1",
					"$(inherited)",
				);
				GCC_SYMBOLS_PRIVATE_EXTERN = NO;
				GCC_TREAT_WARNINGS_AS_ERRORS = YES;
				GCC_WARN_64_TO_32_BIT_CONVERSION = YES;
				GCC_WARN_ABOUT_MISSING_FIELD_INITIALIZERS = YES;
				GCC_WARN_ABOUT_RETURN_TYPE = YES;
				GCC_WARN_CHECK_SWITCH_STATEMENTS = YES;
				GCC_WARN_INITIALIZER_NOT_FULLY_BRACKETED = YES;
				GCC_WARN_MISSING_PARENTHESES = YES;
				GCC_WARN_SHADOW = YES;
				GCC_WARN_SIGN_COMPARE = YES;
				GCC_WARN_TYPECHECK_CALLS_TO_PRINTF = YES;
				GCC_WARN_UNDECLARED_SELECTOR = YES;
				GCC_WARN_UNINITIALIZED_AUTOS = YES;
				GCC_WARN_UNUSED_FUNCTION = YES;
				GCC_WARN_UNUSED_LABEL = YES;
				GCC_WARN_UNUSED_VALUE = YES;
				GCC_WARN_UNUSED_VARIABLE = YES;
				IPHONEOS_DEPLOYMENT_TARGET = 6.1;
				ONLY_ACTIVE_ARCH = YES;
				RUN_CLANG_STATIC_ANALYZER = YES;
				SDKROOT = iphoneos;
			};
			name = adhoc;
		};
		23B2DDA43CDC45F2B428BD76 /* profiling */ = {
			isa = XCBuildConfiguration;
			buildSettings = {
				ALWAYS_SEARCH_USER_PATHS = NO;
				CLANG_CXX_LANGUAGE_STANDARD = "gnu++0x";
				CLANG_CXX_LIBRARY = "libc++";
				CLANG_WARN_CONSTANT_CONVERSION = YES;
				CLANG_WARN_EMPTY_BODY = YES;
				CLANG_WARN_ENUM_CONVERSION = YES;
				CLANG_WARN_INT_CONVERSION = YES;
				CLANG_WARN__DUPLICATE_METHOD_MATCH = YES;
				"CODE_SIGN_IDENTITY[sdk=iphoneos*]" = "iPhone Developer";
				COPY_PHASE_STRIP = NO;
				GCC_C_LANGUAGE_STANDARD = gnu99;
				GCC_DYNAMIC_NO_PIC = NO;
				GCC_OPTIMIZATION_LEVEL = 0;
				GCC_PREPROCESSOR_DEFINITIONS = (
					"DEBUG=1",
					"$(inherited)",
				);
				GCC_SYMBOLS_PRIVATE_EXTERN = NO;
				GCC_TREAT_WARNINGS_AS_ERRORS = YES;
				GCC_WARN_64_TO_32_BIT_CONVERSION = YES;
				GCC_WARN_ABOUT_MISSING_FIELD_INITIALIZERS = YES;
				GCC_WARN_ABOUT_RETURN_TYPE = YES;
				GCC_WARN_CHECK_SWITCH_STATEMENTS = YES;
				GCC_WARN_INITIALIZER_NOT_FULLY_BRACKETED = YES;
				GCC_WARN_MISSING_PARENTHESES = YES;
				GCC_WARN_SHADOW = YES;
				GCC_WARN_SIGN_COMPARE = YES;
				GCC_WARN_TYPECHECK_CALLS_TO_PRINTF = YES;
				GCC_WARN_UNDECLARED_SELECTOR = YES;
				GCC_WARN_UNINITIALIZED_AUTOS = YES;
				GCC_WARN_UNUSED_FUNCTION = YES;
				GCC_WARN_UNUSED_LABEL = YES;
				GCC_WARN_UNUSED_VALUE = YES;
				GCC_WARN_UNUSED_VARIABLE = YES;
				IPHONEOS_DEPLOYMENT_TARGET = 6.1;
				ONLY_ACTIVE_ARCH = YES;
				RUN_CLANG_STATIC_ANALYZER = YES;
				SDKROOT = iphoneos;
			};
			name = profiling;
		};
		6E99936DA55B43468C295563 /* profiling */ = {
			isa = XCBuildConfiguration;
			buildSettings = {
				ALWAYS_SEARCH_USER_PATHS = NO;
				CLANG_CXX_LANGUAGE_STANDARD = "gnu++0x";
				CLANG_CXX_LIBRARY = "libc++";
				CLANG_ENABLE_OBJC_ARC = YES;
				CLANG_WARN_CONSTANT_CONVERSION = YES;
				CLANG_WARN_EMPTY_BODY = YES;
				CLANG_WARN_ENUM_CONVERSION = YES;
				CLANG_WARN_INT_CONVERSION = YES;
				CLANG_WARN__DUPLICATE_METHOD_MATCH = YES;
				"CODE_SIGN_IDENTITY[sdk=iphoneos*]" = "iPhone Developer";
				COPY_PHASE_STRIP = NO;
				GCC_C_LANGUAGE_STANDARD = gnu99;
				GCC_DYNAMIC_NO_PIC = NO;
				GCC_OPTIMIZATION_LEVEL = 0;
				GCC_PREPROCESSOR_DEFINITIONS = (
					"DEBUG=1",
					"$(inherited)",
				);
				GCC_SYMBOLS_PRIVATE_EXTERN = NO;
				GCC_TREAT_WARNINGS_AS_ERRORS = YES;
				GCC_WARN_64_TO_32_BIT_CONVERSION = YES;
				GCC_WARN_ABOUT_MISSING_FIELD_INITIALIZERS = YES;
				GCC_WARN_ABOUT_RETURN_TYPE = YES;
				GCC_WARN_CHECK_SWITCH_STATEMENTS = YES;
				GCC_WARN_INITIALIZER_NOT_FULLY_BRACKETED = YES;
				GCC_WARN_MISSING_PARENTHESES = YES;
				GCC_WARN_SHADOW = YES;
				GCC_WARN_SIGN_COMPARE = YES;
				GCC_WARN_TYPECHECK_CALLS_TO_PRINTF = YES;
				GCC_WARN_UNDECLARED_SELECTOR = YES;
				GCC_WARN_UNINITIALIZED_AUTOS = YES;
				GCC_WARN_UNUSED_FUNCTION = YES;
				GCC_WARN_UNUSED_LABEL = YES;
				GCC_WARN_UNUSED_VALUE = YES;
				GCC_WARN_UNUSED_VARIABLE = YES;
				IPHONEOS_DEPLOYMENT_TARGET = 6.1;
				ONLY_ACTIVE_ARCH = YES;
				RUN_CLANG_STATIC_ANALYZER = YES;
				SDKROOT = iphoneos;
			};
			name = profiling;
		};
		994993EA669140C080CE30FA /* adhoc */ = {
			isa = XCBuildConfiguration;
			baseConfigurationReference = 015CEBED931E4BA486C1CC0A /* Pods-KZPropertyMapperTests.xcconfig */;
			buildSettings = {
				BUNDLE_LOADER = "$(BUILT_PRODUCTS_DIR)/KZPropertyMapper.app/KZPropertyMapper";
				FRAMEWORK_SEARCH_PATHS = (
					"\"$(SDKROOT)/Developer/Library/Frameworks\"",
					"\"$(DEVELOPER_LIBRARY_DIR)/Frameworks\"",
				);
				GCC_PRECOMPILE_PREFIX_HEADER = YES;
				GCC_PREFIX_HEADER = "KZPropertyMapper/KZPropertyMapper-Prefix.pch";
				INFOPLIST_FILE = "KZPropertyMapperTests/KZPropertyMapperTests-Info.plist";
				PRODUCT_NAME = "$(TARGET_NAME)";
				TEST_HOST = "$(BUNDLE_LOADER)";
				WRAPPER_EXTENSION = octest;
			};
			name = adhoc;
		};
		B99619E790F04CB78EFAF36E /* adhoc */ = {
			isa = XCBuildConfiguration;
			buildSettings = {
				ALWAYS_SEARCH_USER_PATHS = NO;
				CLANG_CXX_LANGUAGE_STANDARD = "gnu++0x";
				CLANG_CXX_LIBRARY = "libc++";
				CLANG_ENABLE_OBJC_ARC = YES;
				CLANG_WARN_CONSTANT_CONVERSION = YES;
				CLANG_WARN_EMPTY_BODY = YES;
				CLANG_WARN_ENUM_CONVERSION = YES;
				CLANG_WARN_INT_CONVERSION = YES;
				CLANG_WARN__DUPLICATE_METHOD_MATCH = YES;
				"CODE_SIGN_IDENTITY[sdk=iphoneos*]" = "iPhone Developer";
				COPY_PHASE_STRIP = NO;
				GCC_C_LANGUAGE_STANDARD = gnu99;
				GCC_DYNAMIC_NO_PIC = NO;
				GCC_OPTIMIZATION_LEVEL = 0;
				GCC_PREPROCESSOR_DEFINITIONS = (
					"DEBUG=1",
					"$(inherited)",
				);
				GCC_SYMBOLS_PRIVATE_EXTERN = NO;
				GCC_TREAT_WARNINGS_AS_ERRORS = YES;
				GCC_WARN_64_TO_32_BIT_CONVERSION = YES;
				GCC_WARN_ABOUT_MISSING_FIELD_INITIALIZERS = YES;
				GCC_WARN_ABOUT_RETURN_TYPE = YES;
				GCC_WARN_CHECK_SWITCH_STATEMENTS = YES;
				GCC_WARN_INITIALIZER_NOT_FULLY_BRACKETED = YES;
				GCC_WARN_MISSING_PARENTHESES = YES;
				GCC_WARN_SHADOW = YES;
				GCC_WARN_SIGN_COMPARE = YES;
				GCC_WARN_TYPECHECK_CALLS_TO_PRINTF = YES;
				GCC_WARN_UNDECLARED_SELECTOR = YES;
				GCC_WARN_UNINITIALIZED_AUTOS = YES;
				GCC_WARN_UNUSED_FUNCTION = YES;
				GCC_WARN_UNUSED_LABEL = YES;
				GCC_WARN_UNUSED_VALUE = YES;
				GCC_WARN_UNUSED_VARIABLE = YES;
				IPHONEOS_DEPLOYMENT_TARGET = 6.1;
				ONLY_ACTIVE_ARCH = YES;
				RUN_CLANG_STATIC_ANALYZER = YES;
				SDKROOT = iphoneos;
			};
			name = adhoc;
		};
		CDAC245117A0171300A40D63 /* Debug */ = {
			isa = XCBuildConfiguration;
			buildSettings = {
				ALWAYS_SEARCH_USER_PATHS = NO;
				CLANG_CXX_LANGUAGE_STANDARD = "gnu++0x";
				CLANG_CXX_LIBRARY = "libc++";
				CLANG_ENABLE_OBJC_ARC = YES;
				CLANG_WARN_CONSTANT_CONVERSION = YES;
				CLANG_WARN_EMPTY_BODY = YES;
				CLANG_WARN_ENUM_CONVERSION = YES;
				CLANG_WARN_INT_CONVERSION = YES;
				CLANG_WARN__DUPLICATE_METHOD_MATCH = YES;
				"CODE_SIGN_IDENTITY[sdk=iphoneos*]" = "iPhone Developer";
				COPY_PHASE_STRIP = NO;
				GCC_C_LANGUAGE_STANDARD = gnu99;
				GCC_DYNAMIC_NO_PIC = NO;
				GCC_OPTIMIZATION_LEVEL = 0;
				GCC_PREPROCESSOR_DEFINITIONS = (
					"DEBUG=1",
					"$(inherited)",
				);
				GCC_SYMBOLS_PRIVATE_EXTERN = NO;
				GCC_TREAT_WARNINGS_AS_ERRORS = YES;
				GCC_WARN_64_TO_32_BIT_CONVERSION = YES;
				GCC_WARN_ABOUT_MISSING_FIELD_INITIALIZERS = YES;
				GCC_WARN_ABOUT_RETURN_TYPE = YES;
				GCC_WARN_CHECK_SWITCH_STATEMENTS = YES;
				GCC_WARN_INITIALIZER_NOT_FULLY_BRACKETED = YES;
				GCC_WARN_MISSING_PARENTHESES = YES;
				GCC_WARN_SHADOW = YES;
				GCC_WARN_SIGN_COMPARE = YES;
				GCC_WARN_TYPECHECK_CALLS_TO_PRINTF = YES;
				GCC_WARN_UNDECLARED_SELECTOR = YES;
				GCC_WARN_UNINITIALIZED_AUTOS = YES;
				GCC_WARN_UNUSED_FUNCTION = YES;
				GCC_WARN_UNUSED_LABEL = YES;
				GCC_WARN_UNUSED_VALUE = YES;
				GCC_WARN_UNUSED_VARIABLE = YES;
				IPHONEOS_DEPLOYMENT_TARGET = 6.1;
				ONLY_ACTIVE_ARCH = YES;
				RUN_CLANG_STATIC_ANALYZER = YES;
				SDKROOT = iphoneos;
			};
			name = Debug;
		};
		CDAC245217A0171300A40D63 /* Release */ = {
			isa = XCBuildConfiguration;
			buildSettings = {
				ALWAYS_SEARCH_USER_PATHS = NO;
				CLANG_CXX_LANGUAGE_STANDARD = "gnu++0x";
				CLANG_CXX_LIBRARY = "libc++";
				CLANG_ENABLE_OBJC_ARC = YES;
				CLANG_WARN_CONSTANT_CONVERSION = YES;
				CLANG_WARN_EMPTY_BODY = YES;
				CLANG_WARN_ENUM_CONVERSION = YES;
				CLANG_WARN_INT_CONVERSION = YES;
				CLANG_WARN__DUPLICATE_METHOD_MATCH = YES;
				"CODE_SIGN_IDENTITY[sdk=iphoneos*]" = "iPhone Developer";
				COPY_PHASE_STRIP = YES;
				GCC_C_LANGUAGE_STANDARD = gnu99;
				GCC_TREAT_WARNINGS_AS_ERRORS = YES;
				GCC_WARN_64_TO_32_BIT_CONVERSION = YES;
				GCC_WARN_ABOUT_MISSING_FIELD_INITIALIZERS = YES;
				GCC_WARN_ABOUT_RETURN_TYPE = YES;
				GCC_WARN_CHECK_SWITCH_STATEMENTS = YES;
				GCC_WARN_INITIALIZER_NOT_FULLY_BRACKETED = YES;
				GCC_WARN_MISSING_PARENTHESES = YES;
				GCC_WARN_SHADOW = YES;
				GCC_WARN_SIGN_COMPARE = YES;
				GCC_WARN_TYPECHECK_CALLS_TO_PRINTF = YES;
				GCC_WARN_UNDECLARED_SELECTOR = YES;
				GCC_WARN_UNINITIALIZED_AUTOS = YES;
				GCC_WARN_UNUSED_FUNCTION = YES;
				GCC_WARN_UNUSED_LABEL = YES;
				GCC_WARN_UNUSED_VALUE = YES;
				GCC_WARN_UNUSED_VARIABLE = YES;
				IPHONEOS_DEPLOYMENT_TARGET = 6.1;
				OTHER_CFLAGS = "-DNS_BLOCK_ASSERTIONS=1";
				RUN_CLANG_STATIC_ANALYZER = YES;
				SDKROOT = iphoneos;
				VALIDATE_PRODUCT = YES;
			};
			name = Release;
		};
		CDAC245417A0171300A40D63 /* Debug */ = {
			isa = XCBuildConfiguration;
			baseConfigurationReference = ECA64640462547329A4F00F5 /* Pods-KZPropertyMapper.xcconfig */;
			buildSettings = {
				GCC_PRECOMPILE_PREFIX_HEADER = YES;
				GCC_PREFIX_HEADER = "KZPropertyMapper/KZPropertyMapper-Prefix.pch";
				INFOPLIST_FILE = "KZPropertyMapper/KZPropertyMapper-Info.plist";
				PRODUCT_NAME = "$(TARGET_NAME)";
				WRAPPER_EXTENSION = app;
			};
			name = Debug;
		};
		CDAC245517A0171300A40D63 /* Release */ = {
			isa = XCBuildConfiguration;
			baseConfigurationReference = ECA64640462547329A4F00F5 /* Pods-KZPropertyMapper.xcconfig */;
			buildSettings = {
				GCC_PRECOMPILE_PREFIX_HEADER = YES;
				GCC_PREFIX_HEADER = "KZPropertyMapper/KZPropertyMapper-Prefix.pch";
				INFOPLIST_FILE = "KZPropertyMapper/KZPropertyMapper-Info.plist";
				PRODUCT_NAME = "$(TARGET_NAME)";
				WRAPPER_EXTENSION = app;
			};
			name = Release;
		};
		CDAC245717A0171300A40D63 /* Debug */ = {
			isa = XCBuildConfiguration;
			baseConfigurationReference = 015CEBED931E4BA486C1CC0A /* Pods-KZPropertyMapperTests.xcconfig */;
			buildSettings = {
				BUNDLE_LOADER = "$(BUILT_PRODUCTS_DIR)/KZPropertyMapper.app/KZPropertyMapper";
				FRAMEWORK_SEARCH_PATHS = (
					"\"$(SDKROOT)/Developer/Library/Frameworks\"",
					"\"$(DEVELOPER_LIBRARY_DIR)/Frameworks\"",
				);
				GCC_PRECOMPILE_PREFIX_HEADER = YES;
				GCC_PREFIX_HEADER = "KZPropertyMapper/KZPropertyMapper-Prefix.pch";
				INFOPLIST_FILE = "KZPropertyMapperTests/KZPropertyMapperTests-Info.plist";
				PRODUCT_NAME = "$(TARGET_NAME)";
				TEST_HOST = "$(BUNDLE_LOADER)";
				WRAPPER_EXTENSION = octest;
			};
			name = Debug;
		};
		CDAC245817A0171300A40D63 /* Release */ = {
			isa = XCBuildConfiguration;
			baseConfigurationReference = 015CEBED931E4BA486C1CC0A /* Pods-KZPropertyMapperTests.xcconfig */;
			buildSettings = {
				BUNDLE_LOADER = "$(BUILT_PRODUCTS_DIR)/KZPropertyMapper.app/KZPropertyMapper";
				FRAMEWORK_SEARCH_PATHS = (
					"\"$(SDKROOT)/Developer/Library/Frameworks\"",
					"\"$(DEVELOPER_LIBRARY_DIR)/Frameworks\"",
				);
				GCC_PRECOMPILE_PREFIX_HEADER = YES;
				GCC_PREFIX_HEADER = "KZPropertyMapper/KZPropertyMapper-Prefix.pch";
				INFOPLIST_FILE = "KZPropertyMapperTests/KZPropertyMapperTests-Info.plist";
				PRODUCT_NAME = "$(TARGET_NAME)";
				TEST_HOST = "$(BUNDLE_LOADER)";
				WRAPPER_EXTENSION = octest;
			};
			name = Release;
		};
		D8D69861C6BA459F8319A4C3 /* profiling */ = {
			isa = XCBuildConfiguration;
			baseConfigurationReference = 015CEBED931E4BA486C1CC0A /* Pods-KZPropertyMapperTests.xcconfig */;
			buildSettings = {
				BUNDLE_LOADER = "$(BUILT_PRODUCTS_DIR)/KZPropertyMapper.app/KZPropertyMapper";
				FRAMEWORK_SEARCH_PATHS = (
					"\"$(SDKROOT)/Developer/Library/Frameworks\"",
					"\"$(DEVELOPER_LIBRARY_DIR)/Frameworks\"",
				);
				GCC_PRECOMPILE_PREFIX_HEADER = YES;
				GCC_PREFIX_HEADER = "KZPropertyMapper/KZPropertyMapper-Prefix.pch";
				INFOPLIST_FILE = "KZPropertyMapperTests/KZPropertyMapperTests-Info.plist";
				PRODUCT_NAME = "$(TARGET_NAME)";
				TEST_HOST = "$(BUNDLE_LOADER)";
				WRAPPER_EXTENSION = octest;
			};
			name = profiling;
		};
		DD5EADA203EB461B9C95B2F2 /* adhoc */ = {
			isa = XCBuildConfiguration;
			baseConfigurationReference = ECA64640462547329A4F00F5 /* Pods-KZPropertyMapper.xcconfig */;
			buildSettings = {
				GCC_PRECOMPILE_PREFIX_HEADER = YES;
				GCC_PREFIX_HEADER = "KZPropertyMapper/KZPropertyMapper-Prefix.pch";
				INFOPLIST_FILE = "KZPropertyMapper/KZPropertyMapper-Info.plist";
				PRODUCT_NAME = "$(TARGET_NAME)";
				WRAPPER_EXTENSION = app;
			};
			name = adhoc;
		};
/* End XCBuildConfiguration section */

/* Begin XCConfigurationList section */
		CDAC241C17A0171200A40D63 /* Build configuration list for PBXProject "KZPropertyMapper" */ = {
			isa = XCConfigurationList;
			buildConfigurations = (
				CDAC245117A0171300A40D63 /* Debug */,
				CDAC245217A0171300A40D63 /* Release */,
				B99619E790F04CB78EFAF36E /* adhoc */,
				20E8AF9DA63B470BBA814637 /* adhoc */,
				6E99936DA55B43468C295563 /* profiling */,
				23B2DDA43CDC45F2B428BD76 /* profiling */,
			);
			defaultConfigurationIsVisible = 0;
			defaultConfigurationName = Release;
		};
		CDAC245317A0171300A40D63 /* Build configuration list for PBXNativeTarget "KZPropertyMapper" */ = {
			isa = XCConfigurationList;
			buildConfigurations = (
				CDAC245417A0171300A40D63 /* Debug */,
				CDAC245517A0171300A40D63 /* Release */,
				DD5EADA203EB461B9C95B2F2 /* adhoc */,
				039FFDA3F68F4656990F0284 /* profiling */,
			);
			defaultConfigurationIsVisible = 0;
			defaultConfigurationName = Release;
		};
		CDAC245617A0171300A40D63 /* Build configuration list for PBXNativeTarget "KZPropertyMapperTests" */ = {
			isa = XCConfigurationList;
			buildConfigurations = (
				CDAC245717A0171300A40D63 /* Debug */,
				CDAC245817A0171300A40D63 /* Release */,
				994993EA669140C080CE30FA /* adhoc */,
				D8D69861C6BA459F8319A4C3 /* profiling */,
			);
			defaultConfigurationIsVisible = 0;
			defaultConfigurationName = Release;
		};
/* End XCConfigurationList section */
	};
	rootObject = CDAC241917A0171200A40D63 /* Project object */;
}
