// !$*UTF8*$!
{
	archiveVersion = 1;
	classes = {
	};
	objectVersion = 46;
	objects = {

/* Begin PBXBuildFile section */
		F3114F7C1BBAFE8600C5F48D /* KZPropertyDescriptor.m in Sources */ = {isa = PBXBuildFile; fileRef = F3C0B4901BBAD5A300EBB00A /* KZPropertyDescriptor.m */; settings = {ASSET_TAGS = (); }; };
		F3114F7D1BBAFE8600C5F48D /* KZPropertyDescriptor+Validators.m in Sources */ = {isa = PBXBuildFile; fileRef = F3C0B4921BBAD5A300EBB00A /* KZPropertyDescriptor+Validators.m */; settings = {ASSET_TAGS = (); }; };
		F3114F7E1BBAFE8600C5F48D /* KZPropertyMapper.m in Sources */ = {isa = PBXBuildFile; fileRef = F3C0B4971BBAD5A900EBB00A /* KZPropertyMapper.m */; settings = {ASSET_TAGS = (); }; };
		F3114F7F1BBAFE8600C5F48D /* KZPropertyMapperCommon.m in Sources */ = {isa = PBXBuildFile; fileRef = F3C0B4991BBAD5A900EBB00A /* KZPropertyMapperCommon.m */; settings = {ASSET_TAGS = (); }; };
		F3114F821BBAFE8600C5F48D /* KZPropertyDescriptor+Validators.h in Headers */ = {isa = PBXBuildFile; fileRef = F3C0B4911BBAD5A300EBB00A /* KZPropertyDescriptor+Validators.h */; settings = {ATTRIBUTES = (Public, ); }; };
		F3114F831BBAFE8600C5F48D /* KZPropertyMapper.h in Headers */ = {isa = PBXBuildFile; fileRef = F3C0B4A01BBAD64600EBB00A /* KZPropertyMapper.h */; settings = {ATTRIBUTES = (Public, ); }; };
		F3114F841BBAFE8600C5F48D /* KZPropertyMapperFramework.h in Headers */ = {isa = PBXBuildFile; fileRef = F3C0B4871BBAD57500EBB00A /* KZPropertyMapperFramework.h */; settings = {ATTRIBUTES = (Public, ); }; };
		F3114F851BBAFE8600C5F48D /* KZPropertyMapperCommon.h in Headers */ = {isa = PBXBuildFile; fileRef = F3C0B4981BBAD5A900EBB00A /* KZPropertyMapperCommon.h */; };
		F3114F861BBAFE8600C5F48D /* KZPropertyDescriptor.h in Headers */ = {isa = PBXBuildFile; fileRef = F3C0B48F1BBAD5A300EBB00A /* KZPropertyDescriptor.h */; settings = {ATTRIBUTES = (Public, ); }; };
		F3C0B4881BBAD57500EBB00A /* KZPropertyMapperFramework.h in Headers */ = {isa = PBXBuildFile; fileRef = F3C0B4871BBAD57500EBB00A /* KZPropertyMapperFramework.h */; settings = {ATTRIBUTES = (Public, ); }; };
		F3C0B4931BBAD5A300EBB00A /* KZPropertyDescriptor.h in Headers */ = {isa = PBXBuildFile; fileRef = F3C0B48F1BBAD5A300EBB00A /* KZPropertyDescriptor.h */; settings = {ATTRIBUTES = (Public, ); }; };
		F3C0B4941BBAD5A300EBB00A /* KZPropertyDescriptor.m in Sources */ = {isa = PBXBuildFile; fileRef = F3C0B4901BBAD5A300EBB00A /* KZPropertyDescriptor.m */; settings = {ASSET_TAGS = (); }; };
		F3C0B4951BBAD5A300EBB00A /* KZPropertyDescriptor+Validators.h in Headers */ = {isa = PBXBuildFile; fileRef = F3C0B4911BBAD5A300EBB00A /* KZPropertyDescriptor+Validators.h */; settings = {ATTRIBUTES = (Public, ); }; };
		F3C0B4961BBAD5A300EBB00A /* KZPropertyDescriptor+Validators.m in Sources */ = {isa = PBXBuildFile; fileRef = F3C0B4921BBAD5A300EBB00A /* KZPropertyDescriptor+Validators.m */; settings = {ASSET_TAGS = (); }; };
		F3C0B49A1BBAD5A900EBB00A /* KZPropertyMapper.m in Sources */ = {isa = PBXBuildFile; fileRef = F3C0B4971BBAD5A900EBB00A /* KZPropertyMapper.m */; settings = {ASSET_TAGS = (); }; };
		F3C0B49B1BBAD5A900EBB00A /* KZPropertyMapperCommon.h in Headers */ = {isa = PBXBuildFile; fileRef = F3C0B4981BBAD5A900EBB00A /* KZPropertyMapperCommon.h */; };
		F3C0B49C1BBAD5A900EBB00A /* KZPropertyMapperCommon.m in Sources */ = {isa = PBXBuildFile; fileRef = F3C0B4991BBAD5A900EBB00A /* KZPropertyMapperCommon.m */; settings = {ASSET_TAGS = (); }; };
		F3C0B4A11BBAD64600EBB00A /* KZPropertyMapper.h in Headers */ = {isa = PBXBuildFile; fileRef = F3C0B4A01BBAD64600EBB00A /* KZPropertyMapper.h */; settings = {ATTRIBUTES = (Public, ); }; };
/* End PBXBuildFile section */

/* Begin PBXFileReference section */
		F3114F8B1BBAFE8600C5F48D /* KZPropertyMapper.framework */ = {isa = PBXFileReference; explicitFileType = wrapper.framework; includeInIndex = 0; path = KZPropertyMapper.framework; sourceTree = BUILT_PRODUCTS_DIR; };
		F3C0B4841BBAD57500EBB00A /* KZPropertyMapper.framework */ = {isa = PBXFileReference; explicitFileType = wrapper.framework; includeInIndex = 0; path = KZPropertyMapper.framework; sourceTree = BUILT_PRODUCTS_DIR; };
		F3C0B4871BBAD57500EBB00A /* KZPropertyMapperFramework.h */ = {isa = PBXFileReference; lastKnownFileType = sourcecode.c.h; path = KZPropertyMapperFramework.h; sourceTree = "<group>"; };
		F3C0B4891BBAD57500EBB00A /* KZPropertyMapper.plist */ = {isa = PBXFileReference; lastKnownFileType = text.plist.xml; path = KZPropertyMapper.plist; sourceTree = "<group>"; };
		F3C0B48F1BBAD5A300EBB00A /* KZPropertyDescriptor.h */ = {isa = PBXFileReference; fileEncoding = 4; lastKnownFileType = sourcecode.c.h; path = KZPropertyDescriptor.h; sourceTree = "<group>"; };
		F3C0B4901BBAD5A300EBB00A /* KZPropertyDescriptor.m */ = {isa = PBXFileReference; fileEncoding = 4; lastKnownFileType = sourcecode.c.objc; path = KZPropertyDescriptor.m; sourceTree = "<group>"; };
		F3C0B4911BBAD5A300EBB00A /* KZPropertyDescriptor+Validators.h */ = {isa = PBXFileReference; fileEncoding = 4; lastKnownFileType = sourcecode.c.h; path = "KZPropertyDescriptor+Validators.h"; sourceTree = "<group>"; };
		F3C0B4921BBAD5A300EBB00A /* KZPropertyDescriptor+Validators.m */ = {isa = PBXFileReference; fileEncoding = 4; lastKnownFileType = sourcecode.c.objc; path = "KZPropertyDescriptor+Validators.m"; sourceTree = "<group>"; };
		F3C0B4971BBAD5A900EBB00A /* KZPropertyMapper.m */ = {isa = PBXFileReference; fileEncoding = 4; lastKnownFileType = sourcecode.c.objc; path = KZPropertyMapper.m; sourceTree = "<group>"; };
		F3C0B4981BBAD5A900EBB00A /* KZPropertyMapperCommon.h */ = {isa = PBXFileReference; fileEncoding = 4; lastKnownFileType = sourcecode.c.h; path = KZPropertyMapperCommon.h; sourceTree = "<group>"; };
		F3C0B4991BBAD5A900EBB00A /* KZPropertyMapperCommon.m */ = {isa = PBXFileReference; fileEncoding = 4; lastKnownFileType = sourcecode.c.objc; path = KZPropertyMapperCommon.m; sourceTree = "<group>"; };
		F3C0B4A01BBAD64600EBB00A /* KZPropertyMapper.h */ = {isa = PBXFileReference; fileEncoding = 4; lastKnownFileType = sourcecode.c.h; path = KZPropertyMapper.h; sourceTree = "<group>"; };
/* End PBXFileReference section */

/* Begin PBXFrameworksBuildPhase section */
		F3114F801BBAFE8600C5F48D /* Frameworks */ = {
			isa = PBXFrameworksBuildPhase;
			buildActionMask = 2147483647;
			files = (
			);
			runOnlyForDeploymentPostprocessing = 0;
		};
		F3C0B4801BBAD57500EBB00A /* Frameworks */ = {
			isa = PBXFrameworksBuildPhase;
			buildActionMask = 2147483647;
			files = (
			);
			runOnlyForDeploymentPostprocessing = 0;
		};
/* End PBXFrameworksBuildPhase section */

/* Begin PBXGroup section */
		F3C0B47A1BBAD57500EBB00A = {
			isa = PBXGroup;
			children = (
				F3C0B4861BBAD57500EBB00A /* KZPropertyMapper */,
				F3C0B4851BBAD57500EBB00A /* Products */,
			);
			sourceTree = "<group>";
		};
		F3C0B4851BBAD57500EBB00A /* Products */ = {
			isa = PBXGroup;
			children = (
				F3C0B4841BBAD57500EBB00A /* KZPropertyMapper.framework */,
				F3114F8B1BBAFE8600C5F48D /* KZPropertyMapper.framework */,
			);
			name = Products;
			sourceTree = "<group>";
		};
		F3C0B4861BBAD57500EBB00A /* KZPropertyMapper */ = {
			isa = PBXGroup;
			children = (
				F3C0B49D1BBAD5AC00EBB00A /* Public */,
				F3C0B49E1BBAD5AF00EBB00A /* Source */,
				F3C0B49F1BBAD5BB00EBB00A /* Other */,
			);
			path = KZPropertyMapper;
			sourceTree = "<group>";
		};
		F3C0B49D1BBAD5AC00EBB00A /* Public */ = {
			isa = PBXGroup;
			children = (
				F3C0B4871BBAD57500EBB00A /* KZPropertyMapperFramework.h */,
			);
			name = Public;
			sourceTree = "<group>";
		};
		F3C0B49E1BBAD5AF00EBB00A /* Source */ = {
			isa = PBXGroup;
			children = (
				F3C0B48F1BBAD5A300EBB00A /* KZPropertyDescriptor.h */,
				F3C0B4901BBAD5A300EBB00A /* KZPropertyDescriptor.m */,
				F3C0B4911BBAD5A300EBB00A /* KZPropertyDescriptor+Validators.h */,
				F3C0B4921BBAD5A300EBB00A /* KZPropertyDescriptor+Validators.m */,
				F3C0B4A01BBAD64600EBB00A /* KZPropertyMapper.h */,
				F3C0B4971BBAD5A900EBB00A /* KZPropertyMapper.m */,
				F3C0B4981BBAD5A900EBB00A /* KZPropertyMapperCommon.h */,
				F3C0B4991BBAD5A900EBB00A /* KZPropertyMapperCommon.m */,
			);
			name = Source;
			sourceTree = "<group>";
		};
		F3C0B49F1BBAD5BB00EBB00A /* Other */ = {
			isa = PBXGroup;
			children = (
				F3C0B4891BBAD57500EBB00A /* KZPropertyMapper.plist */,
			);
			name = Other;
			sourceTree = "<group>";
		};
/* End PBXGroup section */

/* Begin PBXHeadersBuildPhase section */
		F3114F811BBAFE8600C5F48D /* Headers */ = {
			isa = PBXHeadersBuildPhase;
			buildActionMask = 2147483647;
			files = (
				F3114F821BBAFE8600C5F48D /* KZPropertyDescriptor+Validators.h in Headers */,
				F3114F831BBAFE8600C5F48D /* KZPropertyMapper.h in Headers */,
				F3114F841BBAFE8600C5F48D /* KZPropertyMapperFramework.h in Headers */,
				F3114F851BBAFE8600C5F48D /* KZPropertyMapperCommon.h in Headers */,
				F3114F861BBAFE8600C5F48D /* KZPropertyDescriptor.h in Headers */,
			);
			runOnlyForDeploymentPostprocessing = 0;
		};
		F3C0B4811BBAD57500EBB00A /* Headers */ = {
			isa = PBXHeadersBuildPhase;
			buildActionMask = 2147483647;
			files = (
				F3C0B4951BBAD5A300EBB00A /* KZPropertyDescriptor+Validators.h in Headers */,
				F3C0B4A11BBAD64600EBB00A /* KZPropertyMapper.h in Headers */,
				F3C0B4881BBAD57500EBB00A /* KZPropertyMapperFramework.h in Headers */,
				F3C0B49B1BBAD5A900EBB00A /* KZPropertyMapperCommon.h in Headers */,
				F3C0B4931BBAD5A300EBB00A /* KZPropertyDescriptor.h in Headers */,
			);
			runOnlyForDeploymentPostprocessing = 0;
		};
/* End PBXHeadersBuildPhase section */

/* Begin PBXNativeTarget section */
		F3114F7A1BBAFE8600C5F48D /* KZPropertyMapperIOS */ = {
			isa = PBXNativeTarget;
			buildConfigurationList = F3114F881BBAFE8600C5F48D /* Build configuration list for PBXNativeTarget "KZPropertyMapperIOS" */;
			buildPhases = (
				F3114F7B1BBAFE8600C5F48D /* Sources */,
				F3114F801BBAFE8600C5F48D /* Frameworks */,
				F3114F811BBAFE8600C5F48D /* Headers */,
				F3114F871BBAFE8600C5F48D /* Resources */,
			);
			buildRules = (
			);
			dependencies = (
			);
			name = KZPropertyMapperIOS;
			productName = KZPropertyMapper;
			productReference = F3114F8B1BBAFE8600C5F48D /* KZPropertyMapper.framework */;
			productType = "com.apple.product-type.framework";
		};
		F3C0B4831BBAD57500EBB00A /* KZPropertyMapperOSX */ = {
			isa = PBXNativeTarget;
			buildConfigurationList = F3C0B48C1BBAD57500EBB00A /* Build configuration list for PBXNativeTarget "KZPropertyMapperOSX" */;
			buildPhases = (
				F3C0B47F1BBAD57500EBB00A /* Sources */,
				F3C0B4801BBAD57500EBB00A /* Frameworks */,
				F3C0B4811BBAD57500EBB00A /* Headers */,
				F3C0B4821BBAD57500EBB00A /* Resources */,
			);
			buildRules = (
			);
			dependencies = (
			);
			name = KZPropertyMapperOSX;
			productName = KZPropertyMapper;
			productReference = F3C0B4841BBAD57500EBB00A /* KZPropertyMapper.framework */;
			productType = "com.apple.product-type.framework";
		};
/* End PBXNativeTarget section */

/* Begin PBXProject section */
		F3C0B47B1BBAD57500EBB00A /* Project object */ = {
			isa = PBXProject;
			attributes = {
				LastUpgradeCheck = 0700;
				ORGANIZATIONNAME = KZPropertyMapper;
				TargetAttributes = {
					F3C0B4831BBAD57500EBB00A = {
						CreatedOnToolsVersion = 7.0;
					};
				};
			};
			buildConfigurationList = F3C0B47E1BBAD57500EBB00A /* Build configuration list for PBXProject "KZPropertyMapper" */;
			compatibilityVersion = "Xcode 3.2";
			developmentRegion = English;
			hasScannedForEncodings = 0;
			knownRegions = (
				en,
			);
			mainGroup = F3C0B47A1BBAD57500EBB00A;
			productRefGroup = F3C0B4851BBAD57500EBB00A /* Products */;
			projectDirPath = "";
			projectRoot = "";
			targets = (
				F3C0B4831BBAD57500EBB00A /* KZPropertyMapperOSX */,
				F3114F7A1BBAFE8600C5F48D /* KZPropertyMapperIOS */,
			);
		};
/* End PBXProject section */

/* Begin PBXResourcesBuildPhase section */
		F3114F871BBAFE8600C5F48D /* Resources */ = {
			isa = PBXResourcesBuildPhase;
			buildActionMask = 2147483647;
			files = (
			);
			runOnlyForDeploymentPostprocessing = 0;
		};
		F3C0B4821BBAD57500EBB00A /* Resources */ = {
			isa = PBXResourcesBuildPhase;
			buildActionMask = 2147483647;
			files = (
			);
			runOnlyForDeploymentPostprocessing = 0;
		};
/* End PBXResourcesBuildPhase section */

/* Begin PBXSourcesBuildPhase section */
		F3114F7B1BBAFE8600C5F48D /* Sources */ = {
			isa = PBXSourcesBuildPhase;
			buildActionMask = 2147483647;
			files = (
				F3114F7C1BBAFE8600C5F48D /* KZPropertyDescriptor.m in Sources */,
				F3114F7D1BBAFE8600C5F48D /* KZPropertyDescriptor+Validators.m in Sources */,
				F3114F7E1BBAFE8600C5F48D /* KZPropertyMapper.m in Sources */,
				F3114F7F1BBAFE8600C5F48D /* KZPropertyMapperCommon.m in Sources */,
			);
			runOnlyForDeploymentPostprocessing = 0;
		};
		F3C0B47F1BBAD57500EBB00A /* Sources */ = {
			isa = PBXSourcesBuildPhase;
			buildActionMask = 2147483647;
			files = (
				F3C0B4941BBAD5A300EBB00A /* KZPropertyDescriptor.m in Sources */,
				F3C0B4961BBAD5A300EBB00A /* KZPropertyDescriptor+Validators.m in Sources */,
				F3C0B49A1BBAD5A900EBB00A /* KZPropertyMapper.m in Sources */,
				F3C0B49C1BBAD5A900EBB00A /* KZPropertyMapperCommon.m in Sources */,
			);
			runOnlyForDeploymentPostprocessing = 0;
		};
/* End PBXSourcesBuildPhase section */

/* Begin XCBuildConfiguration section */
		F3114F891BBAFE8600C5F48D /* Debug */ = {
			isa = XCBuildConfiguration;
			buildSettings = {
				APPLICATION_EXTENSION_API_ONLY = YES;
				DEFINES_MODULE = YES;
				DYLIB_COMPATIBILITY_VERSION = 1;
				DYLIB_CURRENT_VERSION = 1;
				DYLIB_INSTALL_NAME_BASE = "@rpath";
				INFOPLIST_FILE = KZPropertyMapper/KZPropertyMapper.plist;
				INSTALL_PATH = "$(LOCAL_LIBRARY_DIR)/Frameworks";
				LD_RUNPATH_SEARCH_PATHS = "$(inherited) @executable_path/Frameworks @loader_path/Frameworks";
				MODULEMAP_FILE = "$(SRCROOT)/KZPropertyMapper/module.modulemap";
				PRODUCT_BUNDLE_IDENTIFIER = com.kzpropertymapper.KZPropertyMapper;
				PRODUCT_NAME = KZPropertyMapper;
				SDKROOT = iphoneos;
				SKIP_INSTALL = YES;
			};
			name = Debug;
		};
		F3114F8A1BBAFE8600C5F48D /* Release */ = {
			isa = XCBuildConfiguration;
			buildSettings = {
				APPLICATION_EXTENSION_API_ONLY = YES;
				DEFINES_MODULE = YES;
				DYLIB_COMPATIBILITY_VERSION = 1;
				DYLIB_CURRENT_VERSION = 1;
				DYLIB_INSTALL_NAME_BASE = "@rpath";
				INFOPLIST_FILE = KZPropertyMapper/KZPropertyMapper.plist;
				INSTALL_PATH = "$(LOCAL_LIBRARY_DIR)/Frameworks";
				LD_RUNPATH_SEARCH_PATHS = "$(inherited) @executable_path/Frameworks @loader_path/Frameworks";
				MODULEMAP_FILE = "$(SRCROOT)/KZPropertyMapper/module.modulemap";
				PRODUCT_BUNDLE_IDENTIFIER = com.kzpropertymapper.KZPropertyMapper;
				PRODUCT_NAME = KZPropertyMapper;
				SDKROOT = iphoneos;
				SKIP_INSTALL = YES;
			};
			name = Release;
		};
		F3C0B48A1BBAD57500EBB00A /* Debug */ = {
			isa = XCBuildConfiguration;
			buildSettings = {
				ALWAYS_SEARCH_USER_PATHS = NO;
				CLANG_CXX_LANGUAGE_STANDARD = "gnu++0x";
				CLANG_CXX_LIBRARY = "libc++";
				CLANG_ENABLE_MODULES = YES;
				CLANG_ENABLE_OBJC_ARC = YES;
				CLANG_WARN_BOOL_CONVERSION = YES;
				CLANG_WARN_CONSTANT_CONVERSION = YES;
				CLANG_WARN_DIRECT_OBJC_ISA_USAGE = YES_ERROR;
				CLANG_WARN_EMPTY_BODY = YES;
				CLANG_WARN_ENUM_CONVERSION = YES;
				CLANG_WARN_INT_CONVERSION = YES;
				CLANG_WARN_OBJC_ROOT_CLASS = YES_ERROR;
				CLANG_WARN_UNREACHABLE_CODE = YES;
				CLANG_WARN__DUPLICATE_METHOD_MATCH = YES;
				"CODE_SIGN_IDENTITY[sdk=iphoneos*]" = "iPhone Developer";
				COPY_PHASE_STRIP = NO;
				CURRENT_PROJECT_VERSION = 1;
				DEBUG_INFORMATION_FORMAT = dwarf;
				ENABLE_STRICT_OBJC_MSGSEND = YES;
				ENABLE_TESTABILITY = YES;
				GCC_C_LANGUAGE_STANDARD = gnu99;
				GCC_DYNAMIC_NO_PIC = NO;
				GCC_NO_COMMON_BLOCKS = YES;
				GCC_OPTIMIZATION_LEVEL = 0;
				GCC_PREPROCESSOR_DEFINITIONS = (
					"DEBUG=1",
					"$(inherited)",
				);
				GCC_WARN_64_TO_32_BIT_CONVERSION = YES;
				GCC_WARN_ABOUT_RETURN_TYPE = YES_ERROR;
				GCC_WARN_UNDECLARED_SELECTOR = YES;
				GCC_WARN_UNINITIALIZED_AUTOS = YES_AGGRESSIVE;
				GCC_WARN_UNUSED_FUNCTION = YES;
				GCC_WARN_UNUSED_VARIABLE = YES;
				IPHONEOS_DEPLOYMENT_TARGET = 9.0;
				MTL_ENABLE_DEBUG_INFO = YES;
				ONLY_ACTIVE_ARCH = YES;
				SDKROOT = iphoneos;
				TARGETED_DEVICE_FAMILY = "1,2";
				VERSIONING_SYSTEM = "apple-generic";
				VERSION_INFO_PREFIX = "";
			};
			name = Debug;
		};
		F3C0B48B1BBAD57500EBB00A /* Release */ = {
			isa = XCBuildConfiguration;
			buildSettings = {
				ALWAYS_SEARCH_USER_PATHS = NO;
				CLANG_CXX_LANGUAGE_STANDARD = "gnu++0x";
				CLANG_CXX_LIBRARY = "libc++";
				CLANG_ENABLE_MODULES = YES;
				CLANG_ENABLE_OBJC_ARC = YES;
				CLANG_WARN_BOOL_CONVERSION = YES;
				CLANG_WARN_CONSTANT_CONVERSION = YES;
				CLANG_WARN_DIRECT_OBJC_ISA_USAGE = YES_ERROR;
				CLANG_WARN_EMPTY_BODY = YES;
				CLANG_WARN_ENUM_CONVERSION = YES;
				CLANG_WARN_INT_CONVERSION = YES;
				CLANG_WARN_OBJC_ROOT_CLASS = YES_ERROR;
				CLANG_WARN_UNREACHABLE_CODE = YES;
				CLANG_WARN__DUPLICATE_METHOD_MATCH = YES;
				"CODE_SIGN_IDENTITY[sdk=iphoneos*]" = "iPhone Developer";
				COPY_PHASE_STRIP = NO;
				CURRENT_PROJECT_VERSION = 1;
				DEBUG_INFORMATION_FORMAT = "dwarf-with-dsym";
				ENABLE_NS_ASSERTIONS = NO;
				ENABLE_STRICT_OBJC_MSGSEND = YES;
				GCC_C_LANGUAGE_STANDARD = gnu99;
				GCC_NO_COMMON_BLOCKS = YES;
				GCC_WARN_64_TO_32_BIT_CONVERSION = YES;
				GCC_WARN_ABOUT_RETURN_TYPE = YES_ERROR;
				GCC_WARN_UNDECLARED_SELECTOR = YES;
				GCC_WARN_UNINITIALIZED_AUTOS = YES_AGGRESSIVE;
				GCC_WARN_UNUSED_FUNCTION = YES;
				GCC_WARN_UNUSED_VARIABLE = YES;
				IPHONEOS_DEPLOYMENT_TARGET = 9.0;
				MTL_ENABLE_DEBUG_INFO = NO;
				SDKROOT = iphoneos;
				TARGETED_DEVICE_FAMILY = "1,2";
				VALIDATE_PRODUCT = YES;
				VERSIONING_SYSTEM = "apple-generic";
				VERSION_INFO_PREFIX = "";
			};
			name = Release;
		};
		F3C0B48D1BBAD57500EBB00A /* Debug */ = {
			isa = XCBuildConfiguration;
			buildSettings = {
				APPLICATION_EXTENSION_API_ONLY = YES;
				DEFINES_MODULE = YES;
				DYLIB_COMPATIBILITY_VERSION = 1;
				DYLIB_CURRENT_VERSION = 1;
				DYLIB_INSTALL_NAME_BASE = "@rpath";
				INFOPLIST_FILE = KZPropertyMapper/KZPropertyMapper.plist;
				INSTALL_PATH = "$(LOCAL_LIBRARY_DIR)/Frameworks";
				LD_RUNPATH_SEARCH_PATHS = "$(inherited) @executable_path/Frameworks @loader_path/Frameworks";
				MODULEMAP_FILE = "$(SRCROOT)/KZPropertyMapper/module.modulemap";
				PRODUCT_BUNDLE_IDENTIFIER = com.kzpropertymapper.KZPropertyMapper;
				PRODUCT_NAME = KZPropertyMapper;
				SDKROOT = macosx;
				SKIP_INSTALL = YES;
			};
			name = Debug;
		};
		F3C0B48E1BBAD57500EBB00A /* Release */ = {
			isa = XCBuildConfiguration;
			buildSettings = {
				APPLICATION_EXTENSION_API_ONLY = YES;
				DEFINES_MODULE = YES;
				DYLIB_COMPATIBILITY_VERSION = 1;
				DYLIB_CURRENT_VERSION = 1;
				DYLIB_INSTALL_NAME_BASE = "@rpath";
				INFOPLIST_FILE = KZPropertyMapper/KZPropertyMapper.plist;
				INSTALL_PATH = "$(LOCAL_LIBRARY_DIR)/Frameworks";
				LD_RUNPATH_SEARCH_PATHS = "$(inherited) @executable_path/Frameworks @loader_path/Frameworks";
				MODULEMAP_FILE = "$(SRCROOT)/KZPropertyMapper/module.modulemap";
				PRODUCT_BUNDLE_IDENTIFIER = com.kzpropertymapper.KZPropertyMapper;
				PRODUCT_NAME = KZPropertyMapper;
				SDKROOT = macosx;
				SKIP_INSTALL = YES;
			};
			name = Release;
		};
/* End XCBuildConfiguration section */

/* Begin XCConfigurationList section */
		F3114F881BBAFE8600C5F48D /* Build configuration list for PBXNativeTarget "KZPropertyMapperIOS" */ = {
			isa = XCConfigurationList;
			buildConfigurations = (
				F3114F891BBAFE8600C5F48D /* Debug */,
				F3114F8A1BBAFE8600C5F48D /* Release */,
			);
			defaultConfigurationIsVisible = 0;
			defaultConfigurationName = Release;
		};
		F3C0B47E1BBAD57500EBB00A /* Build configuration list for PBXProject "KZPropertyMapper" */ = {
			isa = XCConfigurationList;
			buildConfigurations = (
				F3C0B48A1BBAD57500EBB00A /* Debug */,
				F3C0B48B1BBAD57500EBB00A /* Release */,
			);
			defaultConfigurationIsVisible = 0;
			defaultConfigurationName = Release;
		};
		F3C0B48C1BBAD57500EBB00A /* Build configuration list for PBXNativeTarget "KZPropertyMapperOSX" */ = {
			isa = XCConfigurationList;
			buildConfigurations = (
				F3C0B48D1BBAD57500EBB00A /* Debug */,
				F3C0B48E1BBAD57500EBB00A /* Release */,
			);
			defaultConfigurationIsVisible = 0;
			defaultConfigurationName = Release;
		};
/* End XCConfigurationList section */
	};
	rootObject = F3C0B47B1BBAD57500EBB00A /* Project object */;
}
